
Microsoft Visual Studio Solution File, Format Version 12.00
# Visual Studio Version 16
VisualStudioVersion = 16.0.31220.234
MinimumVisualStudioVersion = 10.0.40219.1
Project("{9A19103F-16F7-4668-BE54-9A1E7A4F7556}") = "MauiBlazorApp", "MauiBlazorApp\MauiBlazorApp.csproj", "{48C629B3-EB57-40EE-A27A-1A161C99B3AE}"
EndProject
Project("{9A19103F-16F7-4668-BE54-9A1E7A4F7556}") = "MauiBlazorApp.WinUI", "MauiBlazorApp.WinUI\MauiBlazorApp.WinUI.csproj", "{15667AD5-B633-4FE5-B15B-50AEFD042035}"
EndProject
Global
	GlobalSection(SolutionConfigurationPlatforms) = preSolution
		Debug|Any CPU = Debug|Any CPU
		Release|Any CPU = Release|Any CPU
	EndGlobalSection
	GlobalSection(ProjectConfigurationPlatforms) = postSolution
		{48C629B3-EB57-40EE-A27A-1A161C99B3AE}.Debug|Any CPU.ActiveCfg = Debug|Any CPU
		{48C629B3-EB57-40EE-A27A-1A161C99B3AE}.Debug|Any CPU.Build.0 = Debug|Any CPU
		{48C629B3-EB57-40EE-A27A-1A161C99B3AE}.Debug|Any CPU.Deploy.0 = Debug|Any CPU
		{48C629B3-EB57-40EE-A27A-1A161C99B3AE}.Release|Any CPU.ActiveCfg = Release|Any CPU
		{48C629B3-EB57-40EE-A27A-1A161C99B3AE}.Release|Any CPU.Build.0 = Release|Any CPU
		{48C629B3-EB57-40EE-A27A-1A161C99B3AE}.Release|Any CPU.Deploy.0 = Release|Any CPU
		{15667AD5-B633-4FE5-B15B-50AEFD042035}.Debug|Any CPU.ActiveCfg = Debug|Any CPU
		{15667AD5-B633-4FE5-B15B-50AEFD042035}.Debug|Any CPU.Build.0 = Debug|Any CPU
		{15667AD5-B633-4FE5-B15B-50AEFD042035}.Debug|Any CPU.Deploy.0 = Debug|Any CPU
		{15667AD5-B633-4FE5-B15B-50AEFD042035}.Release|Any CPU.ActiveCfg = Release|Any CPU
		{15667AD5-B633-4FE5-B15B-50AEFD042035}.Release|Any CPU.Build.0 = Release|Any CPU
		{15667AD5-B633-4FE5-B15B-50AEFD042035}.Release|Any CPU.Deploy.0 = Release|Any CPU
	EndGlobalSection
	GlobalSection(SolutionProperties) = preSolution
		HideSolutionNode = FALSE
	EndGlobalSection
	GlobalSection(ExtensibilityGlobals) = postSolution
		SolutionGuid = {61F7FB11-1E47-470C-91E2-47F8143E1572}
	EndGlobalSection
EndGlobal
